
Microsoft Visual Studio Solution File, Format Version 12.00
# Visual Studio Version 17
VisualStudioVersion = 17.8.34330.188
MinimumVisualStudioVersion = 10.0.40219.1
Project("{9A19103F-16F7-4668-BE54-9A1E7A4F7556}") = "Tunny", "Tunny\Tunny.csproj", "{623ABE73-A37F-4E26-AD90-B5C55AB4AFFA}"
	ProjectSection(ProjectDependencies) = postProject
		{36045359-5C06-455A-959B-CE6F3C5F5AD6} = {36045359-5C06-455A-959B-CE6F3C5F5AD6}
		{B0266339-DF8D-45F6-977A-9D951ADAC659} = {B0266339-DF8D-45F6-977A-9D951ADAC659}
	EndProjectSection
EndProject
Project("{9A19103F-16F7-4668-BE54-9A1E7A4F7556}") = "Optuna", "Optuna\Optuna.csproj", "{B0266339-DF8D-45F6-977A-9D951ADAC659}"
EndProject
Project("{9A19103F-16F7-4668-BE54-9A1E7A4F7556}") = "OptunaTests", "OptunaTests\OptunaTests.csproj", "{1CBEA9DF-2E3D-4935-8468-A4511DE84F33}"
EndProject
Project("{9A19103F-16F7-4668-BE54-9A1E7A4F7556}") = "Tunny.Core", "Tunny.Core\Tunny.Core.csproj", "{36045359-5C06-455A-959B-CE6F3C5F5AD6}"
EndProject
Project("{9A19103F-16F7-4668-BE54-9A1E7A4F7556}") = "Tunny.CoreTests", "Tunny.CoreTests\Tunny.CoreTests.csproj", "{5852FB07-8D56-4A7A-9E97-034071F0D3C9}"
EndProject
Global
	GlobalSection(SolutionConfigurationPlatforms) = preSolution
		Debug|Any CPU = Debug|Any CPU
		Release|Any CPU = Release|Any CPU
	EndGlobalSection
	GlobalSection(ProjectConfigurationPlatforms) = postSolution
		{623ABE73-A37F-4E26-AD90-B5C55AB4AFFA}.Debug|Any CPU.ActiveCfg = Debug|Any CPU
		{623ABE73-A37F-4E26-AD90-B5C55AB4AFFA}.Debug|Any CPU.Build.0 = Debug|Any CPU
		{623ABE73-A37F-4E26-AD90-B5C55AB4AFFA}.Release|Any CPU.ActiveCfg = Release|Any CPU
		{623ABE73-A37F-4E26-AD90-B5C55AB4AFFA}.Release|Any CPU.Build.0 = Release|Any CPU
		{B0266339-DF8D-45F6-977A-9D951ADAC659}.Debug|Any CPU.ActiveCfg = Debug|Any CPU
		{B0266339-DF8D-45F6-977A-9D951ADAC659}.Debug|Any CPU.Build.0 = Debug|Any CPU
		{B0266339-DF8D-45F6-977A-9D951ADAC659}.Release|Any CPU.ActiveCfg = Release|Any CPU
		{B0266339-DF8D-45F6-977A-9D951ADAC659}.Release|Any CPU.Build.0 = Release|Any CPU
		{1CBEA9DF-2E3D-4935-8468-A4511DE84F33}.Debug|Any CPU.ActiveCfg = Debug|Any CPU
		{1CBEA9DF-2E3D-4935-8468-A4511DE84F33}.Debug|Any CPU.Build.0 = Debug|Any CPU
		{1CBEA9DF-2E3D-4935-8468-A4511DE84F33}.Release|Any CPU.ActiveCfg = Release|Any CPU
		{1CBEA9DF-2E3D-4935-8468-A4511DE84F33}.Release|Any CPU.Build.0 = Release|Any CPU
		{36045359-5C06-455A-959B-CE6F3C5F5AD6}.Debug|Any CPU.ActiveCfg = Debug|Any CPU
		{36045359-5C06-455A-959B-CE6F3C5F5AD6}.Debug|Any CPU.Build.0 = Debug|Any CPU
		{36045359-5C06-455A-959B-CE6F3C5F5AD6}.Release|Any CPU.ActiveCfg = Release|Any CPU
		{36045359-5C06-455A-959B-CE6F3C5F5AD6}.Release|Any CPU.Build.0 = Release|Any CPU
		{5852FB07-8D56-4A7A-9E97-034071F0D3C9}.Debug|Any CPU.ActiveCfg = Debug|Any CPU
		{5852FB07-8D56-4A7A-9E97-034071F0D3C9}.Debug|Any CPU.Build.0 = Debug|Any CPU
		{5852FB07-8D56-4A7A-9E97-034071F0D3C9}.Release|Any CPU.ActiveCfg = Release|Any CPU
		{5852FB07-8D56-4A7A-9E97-034071F0D3C9}.Release|Any CPU.Build.0 = Release|Any CPU
	EndGlobalSection
	GlobalSection(SolutionProperties) = preSolution
		HideSolutionNode = FALSE
	EndGlobalSection
	GlobalSection(ExtensibilityGlobals) = postSolution
		SolutionGuid = {41CE46C7-FBDE-4D33-BC6C-2B73D66399C5}
	EndGlobalSection
EndGlobal
