
Microsoft Visual Studio Solution File, Format Version 12.00
# Visual Studio Version 16
VisualStudioVersion = 16.0.31729.503
MinimumVisualStudioVersion = 10.0.40219.1
Project("{FAE04EC0-301F-11D3-BF4B-00C04F79EFBC}") = "Tunny", "Tunny\Tunny.csproj", "{623ABE73-A37F-4E26-AD90-B5C55AB4AFFA}"
EndProject
Global
	GlobalSection(SolutionConfigurationPlatforms) = preSolution
		Debug|Any CPU = Debug|Any CPU
		Release|Any CPU = Release|Any CPU
	EndGlobalSection
	GlobalSection(ProjectConfigurationPlatforms) = postSolution
		{623ABE73-A37F-4E26-AD90-B5C55AB4AFFA}.Debug|Any CPU.ActiveCfg = Debug|Any CPU
		{623ABE73-A37F-4E26-AD90-B5C55AB4AFFA}.Debug|Any CPU.Build.0 = Debug|Any CPU
		{623ABE73-A37F-4E26-AD90-B5C55AB4AFFA}.Release|Any CPU.ActiveCfg = Release|Any CPU
		{623ABE73-A37F-4E26-AD90-B5C55AB4AFFA}.Release|Any CPU.Build.0 = Release|Any CPU
	EndGlobalSection
	GlobalSection(SolutionProperties) = preSolution
		HideSolutionNode = FALSE
	EndGlobalSection
	GlobalSection(ExtensibilityGlobals) = postSolution
		SolutionGuid = {41CE46C7-FBDE-4D33-BC6C-2B73D66399C5}
	EndGlobalSection
EndGlobal
